// !$*UTF8*$!
{
	archiveVersion = 1;
	classes = {
	};
	objectVersion = 50;
	objects = {

/* Begin PBXBuildFile section */
		5F1935492599D2D80075947F /* File.m in Sources */ = {isa = PBXBuildFile; fileRef = 5F1935482599D2D80075947F /* File.m */; };
		5F1B483C24E7339600E5EA1C /* main.m in Sources */ = {isa = PBXBuildFile; fileRef = 5F1B483B24E7339600E5EA1C /* main.m */; };
		5F26593C25972D2000052096 /* Configuration.m in Sources */ = {isa = PBXBuildFile; fileRef = 5F26593A25972D2000052096 /* Configuration.m */; };
		5F26593F2597348A00052096 /* RuleProcessor.m in Sources */ = {isa = PBXBuildFile; fileRef = 5F26593E2597348A00052096 /* RuleProcessor.m */; };
		5F87FD9225AEFD81000A32CE /* AppDelegate.m in Sources */ = {isa = PBXBuildFile; fileRef = 5F87FD9125AEFD81000A32CE /* AppDelegate.m */; };
		5F87FD9625AF0A27000A32CE /* Notifier.m in Sources */ = {isa = PBXBuildFile; fileRef = 5F87FD9525AF0A27000A32CE /* Notifier.m */; };
		5FEAAF9D25F81FFB00E0F000 /* Match.m in Sources */ = {isa = PBXBuildFile; fileRef = 5FEAAF9C25F81FFB00E0F000 /* Match.m */; };
/* End PBXBuildFile section */

/* Begin PBXCopyFilesBuildPhase section */
		5F1B483624E7339600E5EA1C /* CopyFiles */ = {
			isa = PBXCopyFilesBuildPhase;
			buildActionMask = 2147483647;
			dstPath = /usr/share/man/man1/;
			dstSubfolderSpec = 0;
			files = (
			);
			runOnlyForDeploymentPostprocessing = 1;
		};
		5FFC4BC624EB2724006E64DE /* Embed Frameworks */ = {
			isa = PBXCopyFilesBuildPhase;
			buildActionMask = 2147483647;
			dstPath = "";
			dstSubfolderSpec = 10;
			files = (
			);
			name = "Embed Frameworks";
			runOnlyForDeploymentPostprocessing = 0;
		};
/* End PBXCopyFilesBuildPhase section */

/* Begin PBXFileReference section */
		5F1935472599D2D80075947F /* File.h */ = {isa = PBXFileReference; lastKnownFileType = sourcecode.c.h; path = File.h; sourceTree = "<group>"; };
		5F1935482599D2D80075947F /* File.m */ = {isa = PBXFileReference; lastKnownFileType = sourcecode.c.objc; path = File.m; sourceTree = "<group>"; };
		5F1B483824E7339600E5EA1C /* sorter */ = {isa = PBXFileReference; explicitFileType = "compiled.mach-o.executable"; includeInIndex = 0; path = sorter; sourceTree = BUILT_PRODUCTS_DIR; };
		5F1B483B24E7339600E5EA1C /* main.m */ = {isa = PBXFileReference; lastKnownFileType = sourcecode.c.objc; path = main.m; sourceTree = "<group>"; };
		5F26593925972D2000052096 /* Configuration.h */ = {isa = PBXFileReference; lastKnownFileType = sourcecode.c.h; path = Configuration.h; sourceTree = "<group>"; };
		5F26593A25972D2000052096 /* Configuration.m */ = {isa = PBXFileReference; lastKnownFileType = sourcecode.c.objc; path = Configuration.m; sourceTree = "<group>"; };
		5F26593D2597348A00052096 /* RuleProcessor.h */ = {isa = PBXFileReference; lastKnownFileType = sourcecode.c.h; path = RuleProcessor.h; sourceTree = "<group>"; };
		5F26593E2597348A00052096 /* RuleProcessor.m */ = {isa = PBXFileReference; lastKnownFileType = sourcecode.c.objc; path = RuleProcessor.m; sourceTree = "<group>"; };
		5F87FD9025AEFD81000A32CE /* AppDelegate.h */ = {isa = PBXFileReference; lastKnownFileType = sourcecode.c.h; path = AppDelegate.h; sourceTree = "<group>"; };
		5F87FD9125AEFD81000A32CE /* AppDelegate.m */ = {isa = PBXFileReference; lastKnownFileType = sourcecode.c.objc; path = AppDelegate.m; sourceTree = "<group>"; };
		5F87FD9325AEFDC9000A32CE /* Info.plist */ = {isa = PBXFileReference; lastKnownFileType = text.plist.xml; path = Info.plist; sourceTree = "<group>"; };
		5F87FD9425AF0A26000A32CE /* Notifier.h */ = {isa = PBXFileReference; lastKnownFileType = sourcecode.c.h; path = Notifier.h; sourceTree = "<group>"; };
		5F87FD9525AF0A27000A32CE /* Notifier.m */ = {isa = PBXFileReference; lastKnownFileType = sourcecode.c.objc; path = Notifier.m; sourceTree = "<group>"; };
		5FEAAF9B25F81FFB00E0F000 /* Match.h */ = {isa = PBXFileReference; fileEncoding = 4; lastKnownFileType = sourcecode.c.h; path = Match.h; sourceTree = "<group>"; };
		5FEAAF9C25F81FFB00E0F000 /* Match.m */ = {isa = PBXFileReference; fileEncoding = 4; lastKnownFileType = sourcecode.c.objc; path = Match.m; sourceTree = "<group>"; };
/* End PBXFileReference section */

/* Begin PBXFrameworksBuildPhase section */
		5F1B483524E7339600E5EA1C /* Frameworks */ = {
			isa = PBXFrameworksBuildPhase;
			buildActionMask = 2147483647;
			files = (
			);
			runOnlyForDeploymentPostprocessing = 0;
		};
/* End PBXFrameworksBuildPhase section */

/* Begin PBXGroup section */
		5F1B482F24E7339500E5EA1C = {
			isa = PBXGroup;
			children = (
				5F1B483A24E7339600E5EA1C /* sorter */,
				5F1B483924E7339600E5EA1C /* Products */,
				5FFC4A4E24EB271C006E64DE /* Frameworks */,
			);
			sourceTree = "<group>";
		};
		5F1B483924E7339600E5EA1C /* Products */ = {
			isa = PBXGroup;
			children = (
				5F1B483824E7339600E5EA1C /* sorter */,
			);
			name = Products;
			sourceTree = "<group>";
		};
		5F1B483A24E7339600E5EA1C /* sorter */ = {
			isa = PBXGroup;
			children = (
				5F1B483B24E7339600E5EA1C /* main.m */,
				5F87FD9025AEFD81000A32CE /* AppDelegate.h */,
				5F87FD9125AEFD81000A32CE /* AppDelegate.m */,
				5F26593925972D2000052096 /* Configuration.h */,
				5F26593A25972D2000052096 /* Configuration.m */,
				5F1935472599D2D80075947F /* File.h */,
				5F1935482599D2D80075947F /* File.m */,
				5FEAAF9B25F81FFB00E0F000 /* Match.h */,
				5FEAAF9C25F81FFB00E0F000 /* Match.m */,
				5F87FD9425AF0A26000A32CE /* Notifier.h */,
				5F87FD9525AF0A27000A32CE /* Notifier.m */,
				5F26593D2597348A00052096 /* RuleProcessor.h */,
				5F26593E2597348A00052096 /* RuleProcessor.m */,
				5F87FD9325AEFDC9000A32CE /* Info.plist */,
			);
			path = sorter;
			sourceTree = "<group>";
		};
		5FFC4A4E24EB271C006E64DE /* Frameworks */ = {
			isa = PBXGroup;
			children = (
			);
			name = Frameworks;
			sourceTree = "<group>";
		};
/* End PBXGroup section */

/* Begin PBXNativeTarget section */
		5F1B483724E7339600E5EA1C /* sorter */ = {
			isa = PBXNativeTarget;
			buildConfigurationList = 5F1B483F24E7339600E5EA1C /* Build configuration list for PBXNativeTarget "sorter" */;
			buildPhases = (
				5F1B483424E7339600E5EA1C /* Sources */,
				5F1B483524E7339600E5EA1C /* Frameworks */,
				5F1B483624E7339600E5EA1C /* CopyFiles */,
				5FFC4BC624EB2724006E64DE /* Embed Frameworks */,
			);
			buildRules = (
			);
			dependencies = (
			);
			name = sorter;
			productName = sorter;
			productReference = 5F1B483824E7339600E5EA1C /* sorter */;
			productType = "com.apple.product-type.tool";
		};
/* End PBXNativeTarget section */

/* Begin PBXProject section */
		5F1B483024E7339500E5EA1C /* Project object */ = {
			isa = PBXProject;
			attributes = {
				LastUpgradeCheck = 1230;
				ORGANIZATIONNAME = "Jason Fields";
				TargetAttributes = {
					5F1B483724E7339600E5EA1C = {
						CreatedOnToolsVersion = 11.3.1;
					};
				};
			};
			buildConfigurationList = 5F1B483324E7339500E5EA1C /* Build configuration list for PBXProject "sorter" */;
			compatibilityVersion = "Xcode 9.3";
			developmentRegion = en;
			hasScannedForEncodings = 0;
			knownRegions = (
				en,
				Base,
			);
			mainGroup = 5F1B482F24E7339500E5EA1C;
			productRefGroup = 5F1B483924E7339600E5EA1C /* Products */;
			projectDirPath = "";
			projectRoot = "";
			targets = (
				5F1B483724E7339600E5EA1C /* sorter */,
			);
		};
/* End PBXProject section */

/* Begin PBXSourcesBuildPhase section */
		5F1B483424E7339600E5EA1C /* Sources */ = {
			isa = PBXSourcesBuildPhase;
			buildActionMask = 2147483647;
			files = (
				5F1935492599D2D80075947F /* File.m in Sources */,
				5F87FD9625AF0A27000A32CE /* Notifier.m in Sources */,
				5FEAAF9D25F81FFB00E0F000 /* Match.m in Sources */,
				5F87FD9225AEFD81000A32CE /* AppDelegate.m in Sources */,
				5F1B483C24E7339600E5EA1C /* main.m in Sources */,
				5F26593C25972D2000052096 /* Configuration.m in Sources */,
				5F26593F2597348A00052096 /* RuleProcessor.m in Sources */,
			);
			runOnlyForDeploymentPostprocessing = 0;
		};
/* End PBXSourcesBuildPhase section */

/* Begin XCBuildConfiguration section */
		5F1B483D24E7339600E5EA1C /* Debug */ = {
			isa = XCBuildConfiguration;
			buildSettings = {
				ALWAYS_SEARCH_USER_PATHS = NO;
				CLANG_ANALYZER_LOCALIZABILITY_NONLOCALIZED = NO;
				CLANG_ANALYZER_NONNULL = YES;
				CLANG_ANALYZER_NUMBER_OBJECT_CONVERSION = YES_AGGRESSIVE;
				CLANG_CXX_LANGUAGE_STANDARD = "gnu++14";
				CLANG_CXX_LIBRARY = "libc++";
				CLANG_ENABLE_MODULES = YES;
				CLANG_ENABLE_OBJC_ARC = YES;
				CLANG_ENABLE_OBJC_WEAK = YES;
				CLANG_WARN_BLOCK_CAPTURE_AUTORELEASING = YES;
				CLANG_WARN_BOOL_CONVERSION = YES;
				CLANG_WARN_COMMA = YES;
				CLANG_WARN_CONSTANT_CONVERSION = YES;
				CLANG_WARN_DEPRECATED_OBJC_IMPLEMENTATIONS = YES;
				CLANG_WARN_DIRECT_OBJC_ISA_USAGE = YES_ERROR;
				CLANG_WARN_DOCUMENTATION_COMMENTS = YES;
				CLANG_WARN_EMPTY_BODY = YES;
				CLANG_WARN_ENUM_CONVERSION = YES;
				CLANG_WARN_INFINITE_RECURSION = YES;
				CLANG_WARN_INT_CONVERSION = YES;
				CLANG_WARN_NON_LITERAL_NULL_CONVERSION = YES;
				CLANG_WARN_OBJC_IMPLICIT_RETAIN_SELF = YES;
				CLANG_WARN_OBJC_LITERAL_CONVERSION = YES;
				CLANG_WARN_OBJC_ROOT_CLASS = YES_ERROR;
				CLANG_WARN_QUOTED_INCLUDE_IN_FRAMEWORK_HEADER = YES;
				CLANG_WARN_RANGE_LOOP_ANALYSIS = YES;
				CLANG_WARN_STRICT_PROTOTYPES = YES;
				CLANG_WARN_SUSPICIOUS_MOVE = YES;
				CLANG_WARN_UNGUARDED_AVAILABILITY = YES_AGGRESSIVE;
				CLANG_WARN_UNREACHABLE_CODE = YES;
				CLANG_WARN__DUPLICATE_METHOD_MATCH = YES;
				COPY_PHASE_STRIP = NO;
				DEBUG_INFORMATION_FORMAT = dwarf;
				ENABLE_STRICT_OBJC_MSGSEND = YES;
				ENABLE_TESTABILITY = YES;
				GCC_C_LANGUAGE_STANDARD = gnu11;
				GCC_DYNAMIC_NO_PIC = NO;
				GCC_NO_COMMON_BLOCKS = YES;
				GCC_OPTIMIZATION_LEVEL = 0;
				GCC_PREPROCESSOR_DEFINITIONS = (
					"DEBUG=1",
					"$(inherited)",
				);
				GCC_WARN_64_TO_32_BIT_CONVERSION = YES;
				GCC_WARN_ABOUT_RETURN_TYPE = YES_ERROR;
				GCC_WARN_UNDECLARED_SELECTOR = YES;
				GCC_WARN_UNINITIALIZED_AUTOS = YES_AGGRESSIVE;
				GCC_WARN_UNUSED_FUNCTION = YES;
				GCC_WARN_UNUSED_VARIABLE = YES;
				MACOSX_DEPLOYMENT_TARGET = 10.12;
				MTL_ENABLE_DEBUG_INFO = INCLUDE_SOURCE;
				MTL_FAST_MATH = YES;
				ONLY_ACTIVE_ARCH = YES;
				SDKROOT = macosx;
			};
			name = Debug;
		};
		5F1B483E24E7339600E5EA1C /* Release */ = {
			isa = XCBuildConfiguration;
			buildSettings = {
				ALWAYS_SEARCH_USER_PATHS = NO;
				CLANG_ANALYZER_LOCALIZABILITY_NONLOCALIZED = NO;
				CLANG_ANALYZER_NONNULL = YES;
				CLANG_ANALYZER_NUMBER_OBJECT_CONVERSION = YES_AGGRESSIVE;
				CLANG_CXX_LANGUAGE_STANDARD = "gnu++14";
				CLANG_CXX_LIBRARY = "libc++";
				CLANG_ENABLE_MODULES = YES;
				CLANG_ENABLE_OBJC_ARC = YES;
				CLANG_ENABLE_OBJC_WEAK = YES;
				CLANG_WARN_BLOCK_CAPTURE_AUTORELEASING = YES;
				CLANG_WARN_BOOL_CONVERSION = YES;
				CLANG_WARN_COMMA = YES;
				CLANG_WARN_CONSTANT_CONVERSION = YES;
				CLANG_WARN_DEPRECATED_OBJC_IMPLEMENTATIONS = YES;
				CLANG_WARN_DIRECT_OBJC_ISA_USAGE = YES_ERROR;
				CLANG_WARN_DOCUMENTATION_COMMENTS = YES;
				CLANG_WARN_EMPTY_BODY = YES;
				CLANG_WARN_ENUM_CONVERSION = YES;
				CLANG_WARN_INFINITE_RECURSION = YES;
				CLANG_WARN_INT_CONVERSION = YES;
				CLANG_WARN_NON_LITERAL_NULL_CONVERSION = YES;
				CLANG_WARN_OBJC_IMPLICIT_RETAIN_SELF = YES;
				CLANG_WARN_OBJC_LITERAL_CONVERSION = YES;
				CLANG_WARN_OBJC_ROOT_CLASS = YES_ERROR;
				CLANG_WARN_QUOTED_INCLUDE_IN_FRAMEWORK_HEADER = YES;
				CLANG_WARN_RANGE_LOOP_ANALYSIS = YES;
				CLANG_WARN_STRICT_PROTOTYPES = YES;
				CLANG_WARN_SUSPICIOUS_MOVE = YES;
				CLANG_WARN_UNGUARDED_AVAILABILITY = YES_AGGRESSIVE;
				CLANG_WARN_UNREACHABLE_CODE = YES;
				CLANG_WARN__DUPLICATE_METHOD_MATCH = YES;
				COPY_PHASE_STRIP = NO;
				DEBUG_INFORMATION_FORMAT = "dwarf-with-dsym";
				ENABLE_NS_ASSERTIONS = NO;
				ENABLE_STRICT_OBJC_MSGSEND = YES;
				GCC_C_LANGUAGE_STANDARD = gnu11;
				GCC_NO_COMMON_BLOCKS = YES;
				GCC_WARN_64_TO_32_BIT_CONVERSION = YES;
				GCC_WARN_ABOUT_RETURN_TYPE = YES_ERROR;
				GCC_WARN_UNDECLARED_SELECTOR = YES;
				GCC_WARN_UNINITIALIZED_AUTOS = YES_AGGRESSIVE;
				GCC_WARN_UNUSED_FUNCTION = YES;
				GCC_WARN_UNUSED_VARIABLE = YES;
				MACOSX_DEPLOYMENT_TARGET = 10.12;
				MTL_ENABLE_DEBUG_INFO = NO;
				MTL_FAST_MATH = YES;
				SDKROOT = macosx;
			};
			name = Release;
		};
		5F1B484024E7339600E5EA1C /* Debug */ = {
			isa = XCBuildConfiguration;
			buildSettings = {
				CODE_SIGN_IDENTITY = "-";
				CODE_SIGN_STYLE = Automatic;
				DEVELOPMENT_TEAM = 3YZTR3BU2R;
				ENABLE_HARDENED_RUNTIME = YES;
				FRAMEWORK_SEARCH_PATHS = (
					"$(inherited)",
					"$(PROJECT_DIR)/sorter",
					"$(PROJECT_DIR)",
				);
				PRODUCT_BUNDLE_IDENTIFIER = dev.jcfields.sorter;
				PRODUCT_NAME = "$(TARGET_NAME)";
			};
			name = Debug;
		};
		5F1B484124E7339600E5EA1C /* Release */ = {
			isa = XCBuildConfiguration;
			buildSettings = {
				CODE_SIGN_IDENTITY = "-";
				CODE_SIGN_STYLE = Automatic;
				DEVELOPMENT_TEAM = 3YZTR3BU2R;
				ENABLE_HARDENED_RUNTIME = YES;
				FRAMEWORK_SEARCH_PATHS = (
					"$(inherited)",
					"$(PROJECT_DIR)/sorter",
					"$(PROJECT_DIR)",
				);
				PRODUCT_BUNDLE_IDENTIFIER = dev.jcfields.sorter;
				PRODUCT_NAME = "$(TARGET_NAME)";
			};
			name = Release;
		};
/* End XCBuildConfiguration section */

/* Begin XCConfigurationList section */
		5F1B483324E7339500E5EA1C /* Build configuration list for PBXProject "sorter" */ = {
			isa = XCConfigurationList;
			buildConfigurations = (
				5F1B483D24E7339600E5EA1C /* Debug */,
				5F1B483E24E7339600E5EA1C /* Release */,
			);
			defaultConfigurationIsVisible = 0;
			defaultConfigurationName = Release;
		};
		5F1B483F24E7339600E5EA1C /* Build configuration list for PBXNativeTarget "sorter" */ = {
			isa = XCConfigurationList;
			buildConfigurations = (
				5F1B484024E7339600E5EA1C /* Debug */,
				5F1B484124E7339600E5EA1C /* Release */,
			);
			defaultConfigurationIsVisible = 0;
			defaultConfigurationName = Release;
		};
/* End XCConfigurationList section */
	};
	rootObject = 5F1B483024E7339500E5EA1C /* Project object */;
}
